
Microsoft Visual Studio Solution File, Format Version 12.00
# Visual Studio Version 16
VisualStudioVersion = 16.0.31624.102
MinimumVisualStudioVersion = 10.0.40219.1
Project("{FAE04EC0-301F-11D3-BF4B-00C04F79EFBC}") = "GitHubActionsWeb", "GitHubActionsWeb\GitHubActionsWeb.csproj", "{0261A497-AE3D-4F9B-8D12-4D09EB2EBC36}"
EndProject
Project("{FAE04EC0-301F-11D3-BF4B-00C04F79EFBC}") = "GitHubActionsWebTest", "GitHubActionsWebTest\GitHubActionsWebTest.csproj", "{08EAB812-2BF2-47AC-9021-ABB7F90BE6F9}"
EndProject
Global
	GlobalSection(SolutionConfigurationPlatforms) = preSolution
		Debug|Any CPU = Debug|Any CPU
		Release|Any CPU = Release|Any CPU
	EndGlobalSection
	GlobalSection(ProjectConfigurationPlatforms) = postSolution
		{0261A497-AE3D-4F9B-8D12-4D09EB2EBC36}.Debug|Any CPU.ActiveCfg = Debug|Any CPU
		{0261A497-AE3D-4F9B-8D12-4D09EB2EBC36}.Debug|Any CPU.Build.0 = Debug|Any CPU
		{0261A497-AE3D-4F9B-8D12-4D09EB2EBC36}.Release|Any CPU.ActiveCfg = Release|Any CPU
		{0261A497-AE3D-4F9B-8D12-4D09EB2EBC36}.Release|Any CPU.Build.0 = Release|Any CPU
		{08EAB812-2BF2-47AC-9021-ABB7F90BE6F9}.Debug|Any CPU.ActiveCfg = Debug|Any CPU
		{08EAB812-2BF2-47AC-9021-ABB7F90BE6F9}.Debug|Any CPU.Build.0 = Debug|Any CPU
		{08EAB812-2BF2-47AC-9021-ABB7F90BE6F9}.Release|Any CPU.ActiveCfg = Release|Any CPU
		{08EAB812-2BF2-47AC-9021-ABB7F90BE6F9}.Release|Any CPU.Build.0 = Release|Any CPU
	EndGlobalSection
	GlobalSection(SolutionProperties) = preSolution
		HideSolutionNode = FALSE
	EndGlobalSection
	GlobalSection(ExtensibilityGlobals) = postSolution
		SolutionGuid = {DC94A320-A61B-4096-ACEC-0C10985EC0A0}
	EndGlobalSection
EndGlobal
